// !$*UTF8*$!
{
	archiveVersion = 1;
	classes = {
	};
	objectVersion = 55;
	objects = {

/* Begin PBXBuildFile section */
		0C87318C2907644D00B16273 /* History.swift in Sources */ = {isa = PBXBuildFile; fileRef = 0C87318B2907644D00B16273 /* History.swift */; };
		0C87318F2907648B00B16273 /* CustomRow.swift in Sources */ = {isa = PBXBuildFile; fileRef = 0C87318E2907648B00B16273 /* CustomRow.swift */; };
		0C873191290764E800B16273 /* About.swift in Sources */ = {isa = PBXBuildFile; fileRef = 0C873190290764E800B16273 /* About.swift */; };
		0C873193290764F200B16273 /* Alerts.swift in Sources */ = {isa = PBXBuildFile; fileRef = 0C873192290764F200B16273 /* Alerts.swift */; };
		0C8731952907650800B16273 /* Settings.swift in Sources */ = {isa = PBXBuildFile; fileRef = 0C8731942907650800B16273 /* Settings.swift */; };
		0C873197290765AC00B16273 /* Detail.swift in Sources */ = {isa = PBXBuildFile; fileRef = 0C873196290765AC00B16273 /* Detail.swift */; };
		0C873199290765C300B16273 /* Main.swift in Sources */ = {isa = PBXBuildFile; fileRef = 0C873198290765C300B16273 /* Main.swift */; };
		0C87319B290765D800B16273 /* ModalView.swift in Sources */ = {isa = PBXBuildFile; fileRef = 0C87319A290765D800B16273 /* ModalView.swift */; };
		0C87319E2907668700B16273 /* API Manager.swift in Sources */ = {isa = PBXBuildFile; fileRef = 0C87319D2907668700B16273 /* API Manager.swift */; };
		0C8731A02907669500B16273 /* Core Data Manager.swift in Sources */ = {isa = PBXBuildFile; fileRef = 0C87319F2907669500B16273 /* Core Data Manager.swift */; };
		0C8731A2290766A200B16273 /* Snippet Manager.swift in Sources */ = {isa = PBXBuildFile; fileRef = 0C8731A1290766A200B16273 /* Snippet Manager.swift */; };
		0C8731A4290766B000B16273 /* Microphone Manager.swift in Sources */ = {isa = PBXBuildFile; fileRef = 0C8731A3290766B000B16273 /* Microphone Manager.swift */; };
		0C8731A62907675B00B16273 /* Media.swift in Sources */ = {isa = PBXBuildFile; fileRef = 0C8731A52907675B00B16273 /* Media.swift */; };
		0C8731A82907678500B16273 /* Media+CoreDataClass.swift in Sources */ = {isa = PBXBuildFile; fileRef = 0C8731A72907678500B16273 /* Media+CoreDataClass.swift */; };
		0C8731AA290767C400B16273 /* Media+CoreDataProperties.swift in Sources */ = {isa = PBXBuildFile; fileRef = 0C8731A9290767C400B16273 /* Media+CoreDataProperties.swift */; };
		0CB7E01628F47D7200DE3E98 /* KazaamApp.swift in Sources */ = {isa = PBXBuildFile; fileRef = 0CB7E01528F47D7200DE3E98 /* KazaamApp.swift */; };
		0CB7E01A28F47D7B00DE3E98 /* Assets.xcassets in Resources */ = {isa = PBXBuildFile; fileRef = 0CB7E01928F47D7B00DE3E98 /* Assets.xcassets */; };
		0CB7E01D28F47D7B00DE3E98 /* Preview Assets.xcassets in Resources */ = {isa = PBXBuildFile; fileRef = 0CB7E01C28F47D7B00DE3E98 /* Preview Assets.xcassets */; };
/* End PBXBuildFile section */

/* Begin PBXFileReference section */
		0C87318B2907644D00B16273 /* History.swift */ = {isa = PBXFileReference; lastKnownFileType = sourcecode.swift; path = History.swift; sourceTree = "<group>"; };
		0C87318E2907648B00B16273 /* CustomRow.swift */ = {isa = PBXFileReference; lastKnownFileType = sourcecode.swift; path = CustomRow.swift; sourceTree = "<group>"; };
		0C873190290764E800B16273 /* About.swift */ = {isa = PBXFileReference; lastKnownFileType = sourcecode.swift; path = About.swift; sourceTree = "<group>"; };
		0C873192290764F200B16273 /* Alerts.swift */ = {isa = PBXFileReference; lastKnownFileType = sourcecode.swift; path = Alerts.swift; sourceTree = "<group>"; };
		0C8731942907650800B16273 /* Settings.swift */ = {isa = PBXFileReference; lastKnownFileType = sourcecode.swift; path = Settings.swift; sourceTree = "<group>"; };
		0C873196290765AC00B16273 /* Detail.swift */ = {isa = PBXFileReference; lastKnownFileType = sourcecode.swift; path = Detail.swift; sourceTree = "<group>"; };
		0C873198290765C300B16273 /* Main.swift */ = {isa = PBXFileReference; lastKnownFileType = sourcecode.swift; path = Main.swift; sourceTree = "<group>"; };
		0C87319A290765D800B16273 /* ModalView.swift */ = {isa = PBXFileReference; lastKnownFileType = sourcecode.swift; path = ModalView.swift; sourceTree = "<group>"; };
		0C87319D2907668700B16273 /* API Manager.swift */ = {isa = PBXFileReference; lastKnownFileType = sourcecode.swift; path = "API Manager.swift"; sourceTree = "<group>"; };
		0C87319F2907669500B16273 /* Core Data Manager.swift */ = {isa = PBXFileReference; lastKnownFileType = sourcecode.swift; path = "Core Data Manager.swift"; sourceTree = "<group>"; };
		0C8731A1290766A200B16273 /* Snippet Manager.swift */ = {isa = PBXFileReference; lastKnownFileType = sourcecode.swift; path = "Snippet Manager.swift"; sourceTree = "<group>"; };
		0C8731A3290766B000B16273 /* Microphone Manager.swift */ = {isa = PBXFileReference; lastKnownFileType = sourcecode.swift; path = "Microphone Manager.swift"; sourceTree = "<group>"; };
		0C8731A52907675B00B16273 /* Media.swift */ = {isa = PBXFileReference; lastKnownFileType = sourcecode.swift; path = Media.swift; sourceTree = "<group>"; };
		0C8731A72907678500B16273 /* Media+CoreDataClass.swift */ = {isa = PBXFileReference; lastKnownFileType = sourcecode.swift; path = "Media+CoreDataClass.swift"; sourceTree = "<group>"; };
		0C8731A9290767C400B16273 /* Media+CoreDataProperties.swift */ = {isa = PBXFileReference; lastKnownFileType = sourcecode.swift; path = "Media+CoreDataProperties.swift"; sourceTree = "<group>"; };
		0CB7E01228F47D7200DE3E98 /* Kazaam.app */ = {isa = PBXFileReference; explicitFileType = wrapper.application; includeInIndex = 0; path = Kazaam.app; sourceTree = BUILT_PRODUCTS_DIR; };
		0CB7E01528F47D7200DE3E98 /* KazaamApp.swift */ = {isa = PBXFileReference; lastKnownFileType = sourcecode.swift; path = KazaamApp.swift; sourceTree = "<group>"; };
		0CB7E01928F47D7B00DE3E98 /* Assets.xcassets */ = {isa = PBXFileReference; lastKnownFileType = folder.assetcatalog; path = Assets.xcassets; sourceTree = "<group>"; };
		0CB7E01C28F47D7B00DE3E98 /* Preview Assets.xcassets */ = {isa = PBXFileReference; lastKnownFileType = folder.assetcatalog; path = "Preview Assets.xcassets"; sourceTree = "<group>"; };
/* End PBXFileReference section */

/* Begin PBXFrameworksBuildPhase section */
		0CB7E00F28F47D7200DE3E98 /* Frameworks */ = {
			isa = PBXFrameworksBuildPhase;
			buildActionMask = 2147483647;
			files = (
			);
			runOnlyForDeploymentPostprocessing = 0;
		};
/* End PBXFrameworksBuildPhase section */

/* Begin PBXGroup section */
		0C8731862907640100B16273 /* Frontend */ = {
			isa = PBXGroup;
			children = (
				0C87318A2907643100B16273 /* Settings */,
				0C8731892907642600B16273 /* History */,
				0C873196290765AC00B16273 /* Detail.swift */,
				0C873198290765C300B16273 /* Main.swift */,
				0C87319A290765D800B16273 /* ModalView.swift */,
			);
			path = Frontend;
			sourceTree = "<group>";
		};
		0C8731872907640E00B16273 /* Backend */ = {
			isa = PBXGroup;
			children = (
				0C87319C2907666B00B16273 /* Class Managers */,
				0C8731882907641400B16273 /* Core Data */,
			);
			path = Backend;
			sourceTree = "<group>";
		};
		0C8731882907641400B16273 /* Core Data */ = {
			isa = PBXGroup;
			children = (
				0C8731A52907675B00B16273 /* Media.swift */,
				0C8731A72907678500B16273 /* Media+CoreDataClass.swift */,
				0C8731A9290767C400B16273 /* Media+CoreDataProperties.swift */,
			);
			path = "Core Data";
			sourceTree = "<group>";
		};
		0C8731892907642600B16273 /* History */ = {
			isa = PBXGroup;
			children = (
				0C87318B2907644D00B16273 /* History.swift */,
				0C87318E2907648B00B16273 /* CustomRow.swift */,
			);
			path = History;
			sourceTree = "<group>";
		};
		0C87318A2907643100B16273 /* Settings */ = {
			isa = PBXGroup;
			children = (
				0C873190290764E800B16273 /* About.swift */,
				0C873192290764F200B16273 /* Alerts.swift */,
				0C8731942907650800B16273 /* Settings.swift */,
			);
			path = Settings;
			sourceTree = "<group>";
		};
		0C87319C2907666B00B16273 /* Class Managers */ = {
			isa = PBXGroup;
			children = (
				0C87319D2907668700B16273 /* API Manager.swift */,
				0C87319F2907669500B16273 /* Core Data Manager.swift */,
				0C8731A1290766A200B16273 /* Snippet Manager.swift */,
				0C8731A3290766B000B16273 /* Microphone Manager.swift */,
			);
			path = "Class Managers";
			sourceTree = "<group>";
		};
		0CB7E00928F47D7200DE3E98 = {
			isa = PBXGroup;
			children = (
				0CB7E01428F47D7200DE3E98 /* Kazaam */,
				0CB7E01328F47D7200DE3E98 /* Products */,
			);
			sourceTree = "<group>";
		};
		0CB7E01328F47D7200DE3E98 /* Products */ = {
			isa = PBXGroup;
			children = (
				0CB7E01228F47D7200DE3E98 /* Kazaam.app */,
			);
			name = Products;
			sourceTree = "<group>";
		};
		0CB7E01428F47D7200DE3E98 /* Kazaam */ = {
			isa = PBXGroup;
			children = (
				0CB7E01528F47D7200DE3E98 /* KazaamApp.swift */,
				0C8731872907640E00B16273 /* Backend */,
				0C8731862907640100B16273 /* Frontend */,
				0CB7E01928F47D7B00DE3E98 /* Assets.xcassets */,
				0CB7E01B28F47D7B00DE3E98 /* Preview Content */,
			);
			path = Kazaam;
			sourceTree = "<group>";
		};
		0CB7E01B28F47D7B00DE3E98 /* Preview Content */ = {
			isa = PBXGroup;
			children = (
				0CB7E01C28F47D7B00DE3E98 /* Preview Assets.xcassets */,
			);
			path = "Preview Content";
			sourceTree = "<group>";
		};
/* End PBXGroup section */

/* Begin PBXNativeTarget section */
		0CB7E01128F47D7200DE3E98 /* Kazaam */ = {
			isa = PBXNativeTarget;
			buildConfigurationList = 0CB7E02028F47D7B00DE3E98 /* Build configuration list for PBXNativeTarget "Kazaam" */;
			buildPhases = (
				0CB7E00E28F47D7200DE3E98 /* Sources */,
				0CB7E00F28F47D7200DE3E98 /* Frameworks */,
				0CB7E01028F47D7200DE3E98 /* Resources */,
			);
			buildRules = (
			);
			dependencies = (
			);
			name = Kazaam;
			productName = Kazaam;
			productReference = 0CB7E01228F47D7200DE3E98 /* Kazaam.app */;
			productType = "com.apple.product-type.application";
		};
/* End PBXNativeTarget section */

/* Begin PBXProject section */
		0CB7E00A28F47D7200DE3E98 /* Project object */ = {
			isa = PBXProject;
			attributes = {
				BuildIndependentTargetsInParallel = 1;
				LastSwiftUpdateCheck = 1340;
				LastUpgradeCheck = 1340;
				TargetAttributes = {
					0CB7E01128F47D7200DE3E98 = {
						CreatedOnToolsVersion = 13.4.1;
					};
				};
			};
			buildConfigurationList = 0CB7E00D28F47D7200DE3E98 /* Build configuration list for PBXProject "Kazaam" */;
			compatibilityVersion = "Xcode 13.0";
			developmentRegion = en;
			hasScannedForEncodings = 0;
			knownRegions = (
				en,
				Base,
			);
			mainGroup = 0CB7E00928F47D7200DE3E98;
			productRefGroup = 0CB7E01328F47D7200DE3E98 /* Products */;
			projectDirPath = "";
			projectRoot = "";
			targets = (
				0CB7E01128F47D7200DE3E98 /* Kazaam */,
			);
		};
/* End PBXProject section */

/* Begin PBXResourcesBuildPhase section */
		0CB7E01028F47D7200DE3E98 /* Resources */ = {
			isa = PBXResourcesBuildPhase;
			buildActionMask = 2147483647;
			files = (
				0CB7E01D28F47D7B00DE3E98 /* Preview Assets.xcassets in Resources */,
				0CB7E01A28F47D7B00DE3E98 /* Assets.xcassets in Resources */,
			);
			runOnlyForDeploymentPostprocessing = 0;
		};
/* End PBXResourcesBuildPhase section */

/* Begin PBXSourcesBuildPhase section */
		0CB7E00E28F47D7200DE3E98 /* Sources */ = {
			isa = PBXSourcesBuildPhase;
			buildActionMask = 2147483647;
			files = (
				0C8731A4290766B000B16273 /* Microphone Manager.swift in Sources */,
				0C8731952907650800B16273 /* Settings.swift in Sources */,
				0C8731A62907675B00B16273 /* Media.swift in Sources */,
				0C8731A82907678500B16273 /* Media+CoreDataClass.swift in Sources */,
				0C8731AA290767C400B16273 /* Media+CoreDataProperties.swift in Sources */,
				0C873197290765AC00B16273 /* Detail.swift in Sources */,
				0C8731A2290766A200B16273 /* Snippet Manager.swift in Sources */,
				0C873199290765C300B16273 /* Main.swift in Sources */,
				0C87318C2907644D00B16273 /* History.swift in Sources */,
				0C873193290764F200B16273 /* Alerts.swift in Sources */,
				0C873191290764E800B16273 /* About.swift in Sources */,
				0C8731A02907669500B16273 /* Core Data Manager.swift in Sources */,
				0C87319B290765D800B16273 /* ModalView.swift in Sources */,
				0CB7E01628F47D7200DE3E98 /* KazaamApp.swift in Sources */,
				0C87318F2907648B00B16273 /* CustomRow.swift in Sources */,
				0C87319E2907668700B16273 /* API Manager.swift in Sources */,
			);
			runOnlyForDeploymentPostprocessing = 0;
		};
/* End PBXSourcesBuildPhase section */

/* Begin XCBuildConfiguration section */
		0CB7E01E28F47D7B00DE3E98 /* Debug */ = {
			isa = XCBuildConfiguration;
			buildSettings = {
				ALWAYS_SEARCH_USER_PATHS = NO;
				CLANG_ANALYZER_NONNULL = YES;
				CLANG_ANALYZER_NUMBER_OBJECT_CONVERSION = YES_AGGRESSIVE;
				CLANG_CXX_LANGUAGE_STANDARD = "gnu++17";
				CLANG_ENABLE_MODULES = YES;
				CLANG_ENABLE_OBJC_ARC = YES;
				CLANG_ENABLE_OBJC_WEAK = YES;
				CLANG_WARN_BLOCK_CAPTURE_AUTORELEASING = YES;
				CLANG_WARN_BOOL_CONVERSION = YES;
				CLANG_WARN_COMMA = YES;
				CLANG_WARN_CONSTANT_CONVERSION = YES;
				CLANG_WARN_DEPRECATED_OBJC_IMPLEMENTATIONS = YES;
				CLANG_WARN_DIRECT_OBJC_ISA_USAGE = YES_ERROR;
				CLANG_WARN_DOCUMENTATION_COMMENTS = YES;
				CLANG_WARN_EMPTY_BODY = YES;
				CLANG_WARN_ENUM_CONVERSION = YES;
				CLANG_WARN_INFINITE_RECURSION = YES;
				CLANG_WARN_INT_CONVERSION = YES;
				CLANG_WARN_NON_LITERAL_NULL_CONVERSION = YES;
				CLANG_WARN_OBJC_IMPLICIT_RETAIN_SELF = YES;
				CLANG_WARN_OBJC_LITERAL_CONVERSION = YES;
				CLANG_WARN_OBJC_ROOT_CLASS = YES_ERROR;
				CLANG_WARN_QUOTED_INCLUDE_IN_FRAMEWORK_HEADER = YES;
				CLANG_WARN_RANGE_LOOP_ANALYSIS = YES;
				CLANG_WARN_STRICT_PROTOTYPES = YES;
				CLANG_WARN_SUSPICIOUS_MOVE = YES;
				CLANG_WARN_UNGUARDED_AVAILABILITY = YES_AGGRESSIVE;
				CLANG_WARN_UNREACHABLE_CODE = YES;
				CLANG_WARN__DUPLICATE_METHOD_MATCH = YES;
				COPY_PHASE_STRIP = NO;
				DEBUG_INFORMATION_FORMAT = dwarf;
				ENABLE_STRICT_OBJC_MSGSEND = YES;
				ENABLE_TESTABILITY = YES;
				GCC_C_LANGUAGE_STANDARD = gnu11;
				GCC_DYNAMIC_NO_PIC = NO;
				GCC_NO_COMMON_BLOCKS = YES;
				GCC_OPTIMIZATION_LEVEL = 0;
				GCC_PREPROCESSOR_DEFINITIONS = (
					"DEBUG=1",
					"$(inherited)",
				);
				GCC_WARN_64_TO_32_BIT_CONVERSION = YES;
				GCC_WARN_ABOUT_RETURN_TYPE = YES_ERROR;
				GCC_WARN_UNDECLARED_SELECTOR = YES;
				GCC_WARN_UNINITIALIZED_AUTOS = YES_AGGRESSIVE;
				GCC_WARN_UNUSED_FUNCTION = YES;
				GCC_WARN_UNUSED_VARIABLE = YES;
				IPHONEOS_DEPLOYMENT_TARGET = 15.5;
				MTL_ENABLE_DEBUG_INFO = INCLUDE_SOURCE;
				MTL_FAST_MATH = YES;
				ONLY_ACTIVE_ARCH = YES;
				SDKROOT = iphoneos;
				SWIFT_ACTIVE_COMPILATION_CONDITIONS = DEBUG;
				SWIFT_OPTIMIZATION_LEVEL = "-Onone";
			};
			name = Debug;
		};
		0CB7E01F28F47D7B00DE3E98 /* Release */ = {
			isa = XCBuildConfiguration;
			buildSettings = {
				ALWAYS_SEARCH_USER_PATHS = NO;
				CLANG_ANALYZER_NONNULL = YES;
				CLANG_ANALYZER_NUMBER_OBJECT_CONVERSION = YES_AGGRESSIVE;
				CLANG_CXX_LANGUAGE_STANDARD = "gnu++17";
				CLANG_ENABLE_MODULES = YES;
				CLANG_ENABLE_OBJC_ARC = YES;
				CLANG_ENABLE_OBJC_WEAK = YES;
				CLANG_WARN_BLOCK_CAPTURE_AUTORELEASING = YES;
				CLANG_WARN_BOOL_CONVERSION = YES;
				CLANG_WARN_COMMA = YES;
				CLANG_WARN_CONSTANT_CONVERSION = YES;
				CLANG_WARN_DEPRECATED_OBJC_IMPLEMENTATIONS = YES;
				CLANG_WARN_DIRECT_OBJC_ISA_USAGE = YES_ERROR;
				CLANG_WARN_DOCUMENTATION_COMMENTS = YES;
				CLANG_WARN_EMPTY_BODY = YES;
				CLANG_WARN_ENUM_CONVERSION = YES;
				CLANG_WARN_INFINITE_RECURSION = YES;
				CLANG_WARN_INT_CONVERSION = YES;
				CLANG_WARN_NON_LITERAL_NULL_CONVERSION = YES;
				CLANG_WARN_OBJC_IMPLICIT_RETAIN_SELF = YES;
				CLANG_WARN_OBJC_LITERAL_CONVERSION = YES;
				CLANG_WARN_OBJC_ROOT_CLASS = YES_ERROR;
				CLANG_WARN_QUOTED_INCLUDE_IN_FRAMEWORK_HEADER = YES;
				CLANG_WARN_RANGE_LOOP_ANALYSIS = YES;
				CLANG_WARN_STRICT_PROTOTYPES = YES;
				CLANG_WARN_SUSPICIOUS_MOVE = YES;
				CLANG_WARN_UNGUARDED_AVAILABILITY = YES_AGGRESSIVE;
				CLANG_WARN_UNREACHABLE_CODE = YES;
				CLANG_WARN__DUPLICATE_METHOD_MATCH = YES;
				COPY_PHASE_STRIP = NO;
				DEBUG_INFORMATION_FORMAT = "dwarf-with-dsym";
				ENABLE_NS_ASSERTIONS = NO;
				ENABLE_STRICT_OBJC_MSGSEND = YES;
				GCC_C_LANGUAGE_STANDARD = gnu11;
				GCC_NO_COMMON_BLOCKS = YES;
				GCC_WARN_64_TO_32_BIT_CONVERSION = YES;
				GCC_WARN_ABOUT_RETURN_TYPE = YES_ERROR;
				GCC_WARN_UNDECLARED_SELECTOR = YES;
				GCC_WARN_UNINITIALIZED_AUTOS = YES_AGGRESSIVE;
				GCC_WARN_UNUSED_FUNCTION = YES;
				GCC_WARN_UNUSED_VARIABLE = YES;
				IPHONEOS_DEPLOYMENT_TARGET = 15.5;
				MTL_ENABLE_DEBUG_INFO = NO;
				MTL_FAST_MATH = YES;
				SDKROOT = iphoneos;
				SWIFT_COMPILATION_MODE = wholemodule;
				SWIFT_OPTIMIZATION_LEVEL = "-O";
				VALIDATE_PRODUCT = YES;
			};
			name = Release;
		};
		0CB7E02128F47D7B00DE3E98 /* Debug */ = {
			isa = XCBuildConfiguration;
			buildSettings = {
				ASSETCATALOG_COMPILER_APPICON_NAME = AppIcon;
				ASSETCATALOG_COMPILER_GLOBAL_ACCENT_COLOR_NAME = AccentColor;
				CODE_SIGN_STYLE = Automatic;
				CURRENT_PROJECT_VERSION = 1;
				DEVELOPMENT_ASSET_PATHS = "\"Kazaam/Preview Content\"";
				DEVELOPMENT_TEAM = X3392H7G44;
				ENABLE_PREVIEWS = YES;
				GENERATE_INFOPLIST_FILE = YES;
				INFOPLIST_KEY_UIApplicationSceneManifest_Generation = YES;
				INFOPLIST_KEY_UIApplicationSupportsIndirectInputEvents = YES;
				INFOPLIST_KEY_UILaunchScreen_Generation = YES;
				INFOPLIST_KEY_UISupportedInterfaceOrientations_iPad = "UIInterfaceOrientationPortrait UIInterfaceOrientationPortraitUpsideDown UIInterfaceOrientationLandscapeLeft UIInterfaceOrientationLandscapeRight";
				INFOPLIST_KEY_UISupportedInterfaceOrientations_iPhone = "UIInterfaceOrientationPortrait UIInterfaceOrientationLandscapeLeft UIInterfaceOrientationLandscapeRight";
				LD_RUNPATH_SEARCH_PATHS = (
					"$(inherited)",
					"@executable_path/Frameworks",
				);
				MARKETING_VERSION = 1.0;
				PRODUCT_BUNDLE_IDENTIFIER = Aurum.Kazaam;
				PRODUCT_NAME = "$(TARGET_NAME)";
				SWIFT_EMIT_LOC_STRINGS = YES;
				SWIFT_VERSION = 5.0;
				TARGETED_DEVICE_FAMILY = "1,2";
			};
			name = Debug;
		};
		0CB7E02228F47D7B00DE3E98 /* Release */ = {
			isa = XCBuildConfiguration;
			buildSettings = {
				ASSETCATALOG_COMPILER_APPICON_NAME = AppIcon;
				ASSETCATALOG_COMPILER_GLOBAL_ACCENT_COLOR_NAME = AccentColor;
				CODE_SIGN_STYLE = Automatic;
				CURRENT_PROJECT_VERSION = 1;
				DEVELOPMENT_ASSET_PATHS = "\"Kazaam/Preview Content\"";
				DEVELOPMENT_TEAM = X3392H7G44;
				ENABLE_PREVIEWS = YES;
				GENERATE_INFOPLIST_FILE = YES;
				INFOPLIST_KEY_UIApplicationSceneManifest_Generation = YES;
				INFOPLIST_KEY_UIApplicationSupportsIndirectInputEvents = YES;
				INFOPLIST_KEY_UILaunchScreen_Generation = YES;
				INFOPLIST_KEY_UISupportedInterfaceOrientations_iPad = "UIInterfaceOrientationPortrait UIInterfaceOrientationPortraitUpsideDown UIInterfaceOrientationLandscapeLeft UIInterfaceOrientationLandscapeRight";
				INFOPLIST_KEY_UISupportedInterfaceOrientations_iPhone = "UIInterfaceOrientationPortrait UIInterfaceOrientationLandscapeLeft UIInterfaceOrientationLandscapeRight";
				LD_RUNPATH_SEARCH_PATHS = (
					"$(inherited)",
					"@executable_path/Frameworks",
				);
				MARKETING_VERSION = 1.0;
				PRODUCT_BUNDLE_IDENTIFIER = Aurum.Kazaam;
				PRODUCT_NAME = "$(TARGET_NAME)";
				SWIFT_EMIT_LOC_STRINGS = YES;
				SWIFT_VERSION = 5.0;
				TARGETED_DEVICE_FAMILY = "1,2";
			};
			name = Release;
		};
/* End XCBuildConfiguration section */

/* Begin XCConfigurationList section */
		0CB7E00D28F47D7200DE3E98 /* Build configuration list for PBXProject "Kazaam" */ = {
			isa = XCConfigurationList;
			buildConfigurations = (
				0CB7E01E28F47D7B00DE3E98 /* Debug */,
				0CB7E01F28F47D7B00DE3E98 /* Release */,
			);
			defaultConfigurationIsVisible = 0;
			defaultConfigurationName = Release;
		};
		0CB7E02028F47D7B00DE3E98 /* Build configuration list for PBXNativeTarget "Kazaam" */ = {
			isa = XCConfigurationList;
			buildConfigurations = (
				0CB7E02128F47D7B00DE3E98 /* Debug */,
				0CB7E02228F47D7B00DE3E98 /* Release */,
			);
			defaultConfigurationIsVisible = 0;
			defaultConfigurationName = Release;
		};
/* End XCConfigurationList section */
	};
	rootObject = 0CB7E00A28F47D7200DE3E98 /* Project object */;
}
